
Microsoft Visual Studio Solution File, Format Version 12.00
# Visual Studio Version 17
VisualStudioVersion = 17.1.32319.34
MinimumVisualStudioVersion = 10.0.40219.1
Project("{FAE04EC0-301F-11D3-BF4B-00C04F79EFBC}") = "Banco$GGAL_App1", "Banco$GGAL_App1.csproj", "{BA57176B-E51A-40ED-B931-8C1070B3DE80}"
EndProject
Global
	GlobalSection(SolutionConfigurationPlatforms) = preSolution
		Debug|Any CPU = Debug|Any CPU
		Release|Any CPU = Release|Any CPU
	EndGlobalSection
	GlobalSection(ProjectConfigurationPlatforms) = postSolution
		{BA57176B-E51A-40ED-B931-8C1070B3DE80}.Debug|Any CPU.ActiveCfg = Debug|Any CPU
		{BA57176B-E51A-40ED-B931-8C1070B3DE80}.Debug|Any CPU.Build.0 = Debug|Any CPU
		{BA57176B-E51A-40ED-B931-8C1070B3DE80}.Release|Any CPU.ActiveCfg = Release|Any CPU
		{BA57176B-E51A-40ED-B931-8C1070B3DE80}.Release|Any CPU.Build.0 = Release|Any CPU
	EndGlobalSection
	GlobalSection(SolutionProperties) = preSolution
		HideSolutionNode = FALSE
	EndGlobalSection
	GlobalSection(ExtensibilityGlobals) = postSolution
		SolutionGuid = {16533C13-D8B4-4622-8D7A-5E15AD4B3323}
	EndGlobalSection
EndGlobal
